// !$*UTF8*$!
{
	archiveVersion = 1;
	classes = {
	};
	objectVersion = 50;
	objects = {

/* Begin PBXBuildFile section */
		A50A20252573C658003473EA /* NetworkError.swift in Sources */ = {isa = PBXBuildFile; fileRef = A50A20242573C658003473EA /* NetworkError.swift */; };
		A52BF8CF2573D4E800246734 /* MockNetworkManager.swift in Sources */ = {isa = PBXBuildFile; fileRef = A52BF8CE2573D4E800246734 /* MockNetworkManager.swift */; };
		A5372D30257225EF000CA610 /* SideDishHeader.swift in Sources */ = {isa = PBXBuildFile; fileRef = A5372D2F257225EF000CA610 /* SideDishHeader.swift */; };
		A5372D35257236A1000CA610 /* View.swift in Sources */ = {isa = PBXBuildFile; fileRef = A5372D34257236A1000CA610 /* View.swift */; };
		A5372D39257236C8000CA610 /* StatusBarModifier.swift in Sources */ = {isa = PBXBuildFile; fileRef = A5372D38257236C8000CA610 /* StatusBarModifier.swift */; };
		A5ADD715257398730052E355 /* EndPoint.swift in Sources */ = {isa = PBXBuildFile; fileRef = A5ADD714257398730052E355 /* EndPoint.swift */; };
		A5ADD71F257399B80052E355 /* EndPointTests.swift in Sources */ = {isa = PBXBuildFile; fileRef = A5ADD71E257399B80052E355 /* EndPointTests.swift */; };
		A5ADD72F2573B5AF0052E355 /* NetworkError.swift in Sources */ = {isa = PBXBuildFile; fileRef = A5ADD72E2573B5AF0052E355 /* NetworkError.swift */; };
		A5ADD7332573B5D20052E355 /* HTTPMethod.swift in Sources */ = {isa = PBXBuildFile; fileRef = A5ADD7322573B5D20052E355 /* HTTPMethod.swift */; };
		A5ADD7372573B5EA0052E355 /* HTTPHeaders.swift in Sources */ = {isa = PBXBuildFile; fileRef = A5ADD7362573B5EA0052E355 /* HTTPHeaders.swift */; };
		A5ADD73B2573B6050052E355 /* NetworkManager.swift in Sources */ = {isa = PBXBuildFile; fileRef = A5ADD73A2573B6050052E355 /* NetworkManager.swift */; };
		A5ADD7402573B81D0052E355 /* HTTPHeadersTests.swift in Sources */ = {isa = PBXBuildFile; fileRef = A5ADD73F2573B81D0052E355 /* HTTPHeadersTests.swift */; };
		A5ADD7462573B9920052E355 /* NetworkManagerTests.swift in Sources */ = {isa = PBXBuildFile; fileRef = A5ADD7452573B9920052E355 /* NetworkManagerTests.swift */; };
		A5B908FF2571FBBF00FB0D73 /* SideDishApp.swift in Sources */ = {isa = PBXBuildFile; fileRef = A5B908FE2571FBBF00FB0D73 /* SideDishApp.swift */; };
		A5B909012571FBBF00FB0D73 /* SideDishView.swift in Sources */ = {isa = PBXBuildFile; fileRef = A5B909002571FBBF00FB0D73 /* SideDishView.swift */; };
		A5B909032571FBC100FB0D73 /* Assets.xcassets in Resources */ = {isa = PBXBuildFile; fileRef = A5B909022571FBC100FB0D73 /* Assets.xcassets */; };
		A5B909062571FBC100FB0D73 /* Preview Assets.xcassets in Resources */ = {isa = PBXBuildFile; fileRef = A5B909052571FBC100FB0D73 /* Preview Assets.xcassets */; };
		A5B909112571FE3300FB0D73 /* SideDishRow.swift in Sources */ = {isa = PBXBuildFile; fileRef = A5B909102571FE3300FB0D73 /* SideDishRow.swift */; };
		A5B909152572030300FB0D73 /* Dish.swift in Sources */ = {isa = PBXBuildFile; fileRef = A5B909142572030300FB0D73 /* Dish.swift */; };
		A5B9091925720A9B00FB0D73 /* Color.swift in Sources */ = {isa = PBXBuildFile; fileRef = A5B9091825720A9B00FB0D73 /* Color.swift */; };
		A5B9091D25720C6200FB0D73 /* BadgeView.swift in Sources */ = {isa = PBXBuildFile; fileRef = A5B9091C25720C6200FB0D73 /* BadgeView.swift */; };
/* End PBXBuildFile section */

/* Begin PBXContainerItemProxy section */
		A5ADD721257399B80052E355 /* PBXContainerItemProxy */ = {
			isa = PBXContainerItemProxy;
			containerPortal = A5B908F32571FBBF00FB0D73 /* Project object */;
			proxyType = 1;
			remoteGlobalIDString = A5B908FA2571FBBF00FB0D73;
			remoteInfo = SideDish;
		};
/* End PBXContainerItemProxy section */

/* Begin PBXFileReference section */
		A50A20242573C658003473EA /* NetworkError.swift */ = {isa = PBXFileReference; lastKnownFileType = sourcecode.swift; path = NetworkError.swift; sourceTree = "<group>"; };
		A52BF8CE2573D4E800246734 /* MockNetworkManager.swift */ = {isa = PBXFileReference; lastKnownFileType = sourcecode.swift; path = MockNetworkManager.swift; sourceTree = "<group>"; };
		A5372D2F257225EF000CA610 /* SideDishHeader.swift */ = {isa = PBXFileReference; lastKnownFileType = sourcecode.swift; path = SideDishHeader.swift; sourceTree = "<group>"; };
		A5372D34257236A1000CA610 /* View.swift */ = {isa = PBXFileReference; lastKnownFileType = sourcecode.swift; path = View.swift; sourceTree = "<group>"; };
		A5372D38257236C8000CA610 /* StatusBarModifier.swift */ = {isa = PBXFileReference; lastKnownFileType = sourcecode.swift; path = StatusBarModifier.swift; sourceTree = "<group>"; };
		A5ADD714257398730052E355 /* EndPoint.swift */ = {isa = PBXFileReference; lastKnownFileType = sourcecode.swift; path = EndPoint.swift; sourceTree = "<group>"; };
		A5ADD71C257399B80052E355 /* SideDishTests.xctest */ = {isa = PBXFileReference; explicitFileType = wrapper.cfbundle; includeInIndex = 0; path = SideDishTests.xctest; sourceTree = BUILT_PRODUCTS_DIR; };
		A5ADD71E257399B80052E355 /* EndPointTests.swift */ = {isa = PBXFileReference; lastKnownFileType = sourcecode.swift; path = EndPointTests.swift; sourceTree = "<group>"; };
		A5ADD720257399B80052E355 /* Info.plist */ = {isa = PBXFileReference; lastKnownFileType = text.plist.xml; path = Info.plist; sourceTree = "<group>"; };
		A5ADD72E2573B5AF0052E355 /* NetworkError.swift */ = {isa = PBXFileReference; lastKnownFileType = sourcecode.swift; path = NetworkError.swift; sourceTree = "<group>"; };
		A5ADD7322573B5D20052E355 /* HTTPMethod.swift */ = {isa = PBXFileReference; lastKnownFileType = sourcecode.swift; path = HTTPMethod.swift; sourceTree = "<group>"; };
		A5ADD7362573B5EA0052E355 /* HTTPHeaders.swift */ = {isa = PBXFileReference; lastKnownFileType = sourcecode.swift; path = HTTPHeaders.swift; sourceTree = "<group>"; };
		A5ADD73A2573B6050052E355 /* NetworkManager.swift */ = {isa = PBXFileReference; lastKnownFileType = sourcecode.swift; path = NetworkManager.swift; sourceTree = "<group>"; };
		A5ADD73F2573B81D0052E355 /* HTTPHeadersTests.swift */ = {isa = PBXFileReference; lastKnownFileType = sourcecode.swift; path = HTTPHeadersTests.swift; sourceTree = "<group>"; };
		A5ADD7452573B9920052E355 /* NetworkManagerTests.swift */ = {isa = PBXFileReference; lastKnownFileType = sourcecode.swift; path = NetworkManagerTests.swift; sourceTree = "<group>"; };
		A5B908FB2571FBBF00FB0D73 /* SideDish.app */ = {isa = PBXFileReference; explicitFileType = wrapper.application; includeInIndex = 0; path = SideDish.app; sourceTree = BUILT_PRODUCTS_DIR; };
		A5B908FE2571FBBF00FB0D73 /* SideDishApp.swift */ = {isa = PBXFileReference; lastKnownFileType = sourcecode.swift; path = SideDishApp.swift; sourceTree = "<group>"; };
		A5B909002571FBBF00FB0D73 /* SideDishView.swift */ = {isa = PBXFileReference; lastKnownFileType = sourcecode.swift; path = SideDishView.swift; sourceTree = "<group>"; };
		A5B909022571FBC100FB0D73 /* Assets.xcassets */ = {isa = PBXFileReference; lastKnownFileType = folder.assetcatalog; path = Assets.xcassets; sourceTree = "<group>"; };
		A5B909052571FBC100FB0D73 /* Preview Assets.xcassets */ = {isa = PBXFileReference; lastKnownFileType = folder.assetcatalog; path = "Preview Assets.xcassets"; sourceTree = "<group>"; };
		A5B909072571FBC100FB0D73 /* Info.plist */ = {isa = PBXFileReference; lastKnownFileType = text.plist.xml; path = Info.plist; sourceTree = "<group>"; };
		A5B909102571FE3300FB0D73 /* SideDishRow.swift */ = {isa = PBXFileReference; lastKnownFileType = sourcecode.swift; path = SideDishRow.swift; sourceTree = "<group>"; };
		A5B909142572030300FB0D73 /* Dish.swift */ = {isa = PBXFileReference; lastKnownFileType = sourcecode.swift; path = Dish.swift; sourceTree = "<group>"; };
		A5B9091825720A9B00FB0D73 /* Color.swift */ = {isa = PBXFileReference; lastKnownFileType = sourcecode.swift; path = Color.swift; sourceTree = "<group>"; };
		A5B9091C25720C6200FB0D73 /* BadgeView.swift */ = {isa = PBXFileReference; lastKnownFileType = sourcecode.swift; path = BadgeView.swift; sourceTree = "<group>"; };
/* End PBXFileReference section */

/* Begin PBXFrameworksBuildPhase section */
		A5ADD719257399B80052E355 /* Frameworks */ = {
			isa = PBXFrameworksBuildPhase;
			buildActionMask = 2147483647;
			files = (
			);
			runOnlyForDeploymentPostprocessing = 0;
		};
		A5B908F82571FBBF00FB0D73 /* Frameworks */ = {
			isa = PBXFrameworksBuildPhase;
			buildActionMask = 2147483647;
			files = (
			);
			runOnlyForDeploymentPostprocessing = 0;
		};
/* End PBXFrameworksBuildPhase section */

/* Begin PBXGroup section */
		A50A20232573C649003473EA /* Extension */ = {
			isa = PBXGroup;
			children = (
				A50A20242573C658003473EA /* NetworkError.swift */,
			);
			path = Extension;
			sourceTree = "<group>";
		};
		A52BF8CD2573D4DC00246734 /* Mock */ = {
			isa = PBXGroup;
			children = (
				A52BF8CE2573D4E800246734 /* MockNetworkManager.swift */,
			);
			path = Mock;
			sourceTree = "<group>";
		};
		A5372D37257236BE000CA610 /* Modifier */ = {
			isa = PBXGroup;
			children = (
				A5372D38257236C8000CA610 /* StatusBarModifier.swift */,
			);
			path = Modifier;
			sourceTree = "<group>";
		};
		A5877A6D2572126200F9E6B1 /* Model */ = {
			isa = PBXGroup;
			children = (
				A5B909142572030300FB0D73 /* Dish.swift */,
			);
			path = Model;
			sourceTree = "<group>";
		};
		A5ADD7132573986A0052E355 /* Network */ = {
			isa = PBXGroup;
			children = (
				A5ADD714257398730052E355 /* EndPoint.swift */,
				A5ADD72E2573B5AF0052E355 /* NetworkError.swift */,
				A5ADD7322573B5D20052E355 /* HTTPMethod.swift */,
				A5ADD7362573B5EA0052E355 /* HTTPHeaders.swift */,
				A5ADD73A2573B6050052E355 /* NetworkManager.swift */,
			);
			path = Network;
			sourceTree = "<group>";
		};
		A5ADD71D257399B80052E355 /* SideDishTests */ = {
			isa = PBXGroup;
			children = (
				A50A20232573C649003473EA /* Extension */,
				A5ADD73E2573B80B0052E355 /* Network */,
				A5ADD720257399B80052E355 /* Info.plist */,
			);
			path = SideDishTests;
			sourceTree = "<group>";
		};
		A5ADD73E2573B80B0052E355 /* Network */ = {
			isa = PBXGroup;
			children = (
				A52BF8CD2573D4DC00246734 /* Mock */,
				A5ADD71E257399B80052E355 /* EndPointTests.swift */,
				A5ADD73F2573B81D0052E355 /* HTTPHeadersTests.swift */,
				A5ADD7452573B9920052E355 /* NetworkManagerTests.swift */,
			);
			path = Network;
			sourceTree = "<group>";
		};
		A5B908F22571FBBF00FB0D73 = {
			isa = PBXGroup;
			children = (
				A5B908FD2571FBBF00FB0D73 /* SideDish */,
				A5ADD71D257399B80052E355 /* SideDishTests */,
				A5B908FC2571FBBF00FB0D73 /* Products */,
			);
			sourceTree = "<group>";
		};
		A5B908FC2571FBBF00FB0D73 /* Products */ = {
			isa = PBXGroup;
			children = (
				A5B908FB2571FBBF00FB0D73 /* SideDish.app */,
				A5ADD71C257399B80052E355 /* SideDishTests.xctest */,
			);
			name = Products;
			sourceTree = "<group>";
		};
		A5B908FD2571FBBF00FB0D73 /* SideDish */ = {
			isa = PBXGroup;
			children = (
				A5ADD7132573986A0052E355 /* Network */,
				A5372D37257236BE000CA610 /* Modifier */,
				A5B909042571FBC100FB0D73 /* Preview Content */,
				A5877A6D2572126200F9E6B1 /* Model */,
				A5B9091725720A9200FB0D73 /* Extension */,
				A5B908FE2571FBBF00FB0D73 /* SideDishApp.swift */,
				A5B909002571FBBF00FB0D73 /* SideDishView.swift */,
				A5B909022571FBC100FB0D73 /* Assets.xcassets */,
				A5B909072571FBC100FB0D73 /* Info.plist */,
				A5B909102571FE3300FB0D73 /* SideDishRow.swift */,
				A5B9091C25720C6200FB0D73 /* BadgeView.swift */,
				A5372D2F257225EF000CA610 /* SideDishHeader.swift */,
			);
			path = SideDish;
			sourceTree = "<group>";
		};
		A5B909042571FBC100FB0D73 /* Preview Content */ = {
			isa = PBXGroup;
			children = (
				A5B909052571FBC100FB0D73 /* Preview Assets.xcassets */,
			);
			path = "Preview Content";
			sourceTree = "<group>";
		};
		A5B9091725720A9200FB0D73 /* Extension */ = {
			isa = PBXGroup;
			children = (
				A5B9091825720A9B00FB0D73 /* Color.swift */,
				A5372D34257236A1000CA610 /* View.swift */,
			);
			path = Extension;
			sourceTree = "<group>";
		};
/* End PBXGroup section */

/* Begin PBXNativeTarget section */
		A5ADD71B257399B80052E355 /* SideDishTests */ = {
			isa = PBXNativeTarget;
			buildConfigurationList = A5ADD723257399B80052E355 /* Build configuration list for PBXNativeTarget "SideDishTests" */;
			buildPhases = (
				A5ADD718257399B80052E355 /* Sources */,
				A5ADD719257399B80052E355 /* Frameworks */,
				A5ADD71A257399B80052E355 /* Resources */,
			);
			buildRules = (
			);
			dependencies = (
				A5ADD722257399B80052E355 /* PBXTargetDependency */,
			);
			name = SideDishTests;
			productName = SideDishTests;
			productReference = A5ADD71C257399B80052E355 /* SideDishTests.xctest */;
			productType = "com.apple.product-type.bundle.unit-test";
		};
		A5B908FA2571FBBF00FB0D73 /* SideDish */ = {
			isa = PBXNativeTarget;
			buildConfigurationList = A5B9090A2571FBC100FB0D73 /* Build configuration list for PBXNativeTarget "SideDish" */;
			buildPhases = (
				A5B908F72571FBBF00FB0D73 /* Sources */,
				A5B908F82571FBBF00FB0D73 /* Frameworks */,
				A5B908F92571FBBF00FB0D73 /* Resources */,
			);
			buildRules = (
			);
			dependencies = (
			);
			name = SideDish;
			productName = SideDish;
			productReference = A5B908FB2571FBBF00FB0D73 /* SideDish.app */;
			productType = "com.apple.product-type.application";
		};
/* End PBXNativeTarget section */

/* Begin PBXProject section */
		A5B908F32571FBBF00FB0D73 /* Project object */ = {
			isa = PBXProject;
			attributes = {
				LastSwiftUpdateCheck = 1220;
				LastUpgradeCheck = 1220;
				TargetAttributes = {
					A5ADD71B257399B80052E355 = {
						CreatedOnToolsVersion = 12.2;
						TestTargetID = A5B908FA2571FBBF00FB0D73;
					};
					A5B908FA2571FBBF00FB0D73 = {
						CreatedOnToolsVersion = 12.2;
					};
				};
			};
			buildConfigurationList = A5B908F62571FBBF00FB0D73 /* Build configuration list for PBXProject "SideDish" */;
			compatibilityVersion = "Xcode 9.3";
			developmentRegion = en;
			hasScannedForEncodings = 0;
			knownRegions = (
				en,
				Base,
			);
			mainGroup = A5B908F22571FBBF00FB0D73;
			productRefGroup = A5B908FC2571FBBF00FB0D73 /* Products */;
			projectDirPath = "";
			projectRoot = "";
			targets = (
				A5B908FA2571FBBF00FB0D73 /* SideDish */,
				A5ADD71B257399B80052E355 /* SideDishTests */,
			);
		};
/* End PBXProject section */

/* Begin PBXResourcesBuildPhase section */
		A5ADD71A257399B80052E355 /* Resources */ = {
			isa = PBXResourcesBuildPhase;
			buildActionMask = 2147483647;
			files = (
			);
			runOnlyForDeploymentPostprocessing = 0;
		};
		A5B908F92571FBBF00FB0D73 /* Resources */ = {
			isa = PBXResourcesBuildPhase;
			buildActionMask = 2147483647;
			files = (
				A5B909062571FBC100FB0D73 /* Preview Assets.xcassets in Resources */,
				A5B909032571FBC100FB0D73 /* Assets.xcassets in Resources */,
			);
			runOnlyForDeploymentPostprocessing = 0;
		};
/* End PBXResourcesBuildPhase section */

/* Begin PBXSourcesBuildPhase section */
		A5ADD718257399B80052E355 /* Sources */ = {
			isa = PBXSourcesBuildPhase;
			buildActionMask = 2147483647;
			files = (
				A5ADD7462573B9920052E355 /* NetworkManagerTests.swift in Sources */,
				A50A20252573C658003473EA /* NetworkError.swift in Sources */,
				A5ADD7402573B81D0052E355 /* HTTPHeadersTests.swift in Sources */,
				A5ADD71F257399B80052E355 /* EndPointTests.swift in Sources */,
				A52BF8CF2573D4E800246734 /* MockNetworkManager.swift in Sources */,
			);
			runOnlyForDeploymentPostprocessing = 0;
		};
		A5B908F72571FBBF00FB0D73 /* Sources */ = {
			isa = PBXSourcesBuildPhase;
			buildActionMask = 2147483647;
			files = (
				A5372D35257236A1000CA610 /* View.swift in Sources */,
				A5372D30257225EF000CA610 /* SideDishHeader.swift in Sources */,
				A5ADD715257398730052E355 /* EndPoint.swift in Sources */,
				A5B909112571FE3300FB0D73 /* SideDishRow.swift in Sources */,
				A5B909152572030300FB0D73 /* Dish.swift in Sources */,
				A5B909012571FBBF00FB0D73 /* SideDishView.swift in Sources */,
				A5B9091925720A9B00FB0D73 /* Color.swift in Sources */,
				A5B908FF2571FBBF00FB0D73 /* SideDishApp.swift in Sources */,
				A5ADD7332573B5D20052E355 /* HTTPMethod.swift in Sources */,
				A5372D39257236C8000CA610 /* StatusBarModifier.swift in Sources */,
				A5ADD73B2573B6050052E355 /* NetworkManager.swift in Sources */,
				A5ADD72F2573B5AF0052E355 /* NetworkError.swift in Sources */,
				A5B9091D25720C6200FB0D73 /* BadgeView.swift in Sources */,
				A5ADD7372573B5EA0052E355 /* HTTPHeaders.swift in Sources */,
			);
			runOnlyForDeploymentPostprocessing = 0;
		};
/* End PBXSourcesBuildPhase section */

/* Begin PBXTargetDependency section */
		A5ADD722257399B80052E355 /* PBXTargetDependency */ = {
			isa = PBXTargetDependency;
			target = A5B908FA2571FBBF00FB0D73 /* SideDish */;
			targetProxy = A5ADD721257399B80052E355 /* PBXContainerItemProxy */;
		};
/* End PBXTargetDependency section */

/* Begin XCBuildConfiguration section */
		A5ADD724257399B80052E355 /* Debug */ = {
			isa = XCBuildConfiguration;
			buildSettings = {
				BUNDLE_LOADER = "$(TEST_HOST)";
				CODE_SIGN_STYLE = Automatic;
				DEVELOPMENT_TEAM = 735P3R8MUU;
				INFOPLIST_FILE = SideDishTests/Info.plist;
				LD_RUNPATH_SEARCH_PATHS = (
					"$(inherited)",
					"@executable_path/Frameworks",
					"@loader_path/Frameworks",
				);
				PRODUCT_BUNDLE_IDENTIFIER = com.HanseopShin.SideDishTests;
				PRODUCT_NAME = "$(TARGET_NAME)";
				SWIFT_VERSION = 5.0;
				TARGETED_DEVICE_FAMILY = "1,2";
				TEST_HOST = "$(BUILT_PRODUCTS_DIR)/SideDish.app/SideDish";
			};
			name = Debug;
		};
		A5ADD725257399B80052E355 /* Release */ = {
			isa = XCBuildConfiguration;
			buildSettings = {
				BUNDLE_LOADER = "$(TEST_HOST)";
				CODE_SIGN_STYLE = Automatic;
				DEVELOPMENT_TEAM = 735P3R8MUU;
				INFOPLIST_FILE = SideDishTests/Info.plist;
				LD_RUNPATH_SEARCH_PATHS = (
					"$(inherited)",
					"@executable_path/Frameworks",
					"@loader_path/Frameworks",
				);
				PRODUCT_BUNDLE_IDENTIFIER = com.HanseopShin.SideDishTests;
				PRODUCT_NAME = "$(TARGET_NAME)";
				SWIFT_VERSION = 5.0;
				TARGETED_DEVICE_FAMILY = "1,2";
				TEST_HOST = "$(BUILT_PRODUCTS_DIR)/SideDish.app/SideDish";
			};
			name = Release;
		};
		A5B909082571FBC100FB0D73 /* Debug */ = {
			isa = XCBuildConfiguration;
			buildSettings = {
				ALWAYS_SEARCH_USER_PATHS = NO;
				CLANG_ANALYZER_NONNULL = YES;
				CLANG_ANALYZER_NUMBER_OBJECT_CONVERSION = YES_AGGRESSIVE;
				CLANG_CXX_LANGUAGE_STANDARD = "gnu++14";
				CLANG_CXX_LIBRARY = "libc++";
				CLANG_ENABLE_MODULES = YES;
				CLANG_ENABLE_OBJC_ARC = YES;
				CLANG_ENABLE_OBJC_WEAK = YES;
				CLANG_WARN_BLOCK_CAPTURE_AUTORELEASING = YES;
				CLANG_WARN_BOOL_CONVERSION = YES;
				CLANG_WARN_COMMA = YES;
				CLANG_WARN_CONSTANT_CONVERSION = YES;
				CLANG_WARN_DEPRECATED_OBJC_IMPLEMENTATIONS = YES;
				CLANG_WARN_DIRECT_OBJC_ISA_USAGE = YES_ERROR;
				CLANG_WARN_DOCUMENTATION_COMMENTS = YES;
				CLANG_WARN_EMPTY_BODY = YES;
				CLANG_WARN_ENUM_CONVERSION = YES;
				CLANG_WARN_INFINITE_RECURSION = YES;
				CLANG_WARN_INT_CONVERSION = YES;
				CLANG_WARN_NON_LITERAL_NULL_CONVERSION = YES;
				CLANG_WARN_OBJC_IMPLICIT_RETAIN_SELF = YES;
				CLANG_WARN_OBJC_LITERAL_CONVERSION = YES;
				CLANG_WARN_OBJC_ROOT_CLASS = YES_ERROR;
				CLANG_WARN_QUOTED_INCLUDE_IN_FRAMEWORK_HEADER = YES;
				CLANG_WARN_RANGE_LOOP_ANALYSIS = YES;
				CLANG_WARN_STRICT_PROTOTYPES = YES;
				CLANG_WARN_SUSPICIOUS_MOVE = YES;
				CLANG_WARN_UNGUARDED_AVAILABILITY = YES_AGGRESSIVE;
				CLANG_WARN_UNREACHABLE_CODE = YES;
				CLANG_WARN__DUPLICATE_METHOD_MATCH = YES;
				COPY_PHASE_STRIP = NO;
				DEBUG_INFORMATION_FORMAT = dwarf;
				ENABLE_STRICT_OBJC_MSGSEND = YES;
				ENABLE_TESTABILITY = YES;
				GCC_C_LANGUAGE_STANDARD = gnu11;
				GCC_DYNAMIC_NO_PIC = NO;
				GCC_NO_COMMON_BLOCKS = YES;
				GCC_OPTIMIZATION_LEVEL = 0;
				GCC_PREPROCESSOR_DEFINITIONS = (
					"DEBUG=1",
					"$(inherited)",
				);
				GCC_WARN_64_TO_32_BIT_CONVERSION = YES;
				GCC_WARN_ABOUT_RETURN_TYPE = YES_ERROR;
				GCC_WARN_UNDECLARED_SELECTOR = YES;
				GCC_WARN_UNINITIALIZED_AUTOS = YES_AGGRESSIVE;
				GCC_WARN_UNUSED_FUNCTION = YES;
				GCC_WARN_UNUSED_VARIABLE = YES;
				IPHONEOS_DEPLOYMENT_TARGET = 14.2;
				MTL_ENABLE_DEBUG_INFO = INCLUDE_SOURCE;
				MTL_FAST_MATH = YES;
				ONLY_ACTIVE_ARCH = YES;
				SDKROOT = iphoneos;
				SWIFT_ACTIVE_COMPILATION_CONDITIONS = DEBUG;
				SWIFT_OPTIMIZATION_LEVEL = "-Onone";
			};
			name = Debug;
		};
		A5B909092571FBC100FB0D73 /* Release */ = {
			isa = XCBuildConfiguration;
			buildSettings = {
				ALWAYS_SEARCH_USER_PATHS = NO;
				CLANG_ANALYZER_NONNULL = YES;
				CLANG_ANALYZER_NUMBER_OBJECT_CONVERSION = YES_AGGRESSIVE;
				CLANG_CXX_LANGUAGE_STANDARD = "gnu++14";
				CLANG_CXX_LIBRARY = "libc++";
				CLANG_ENABLE_MODULES = YES;
				CLANG_ENABLE_OBJC_ARC = YES;
				CLANG_ENABLE_OBJC_WEAK = YES;
				CLANG_WARN_BLOCK_CAPTURE_AUTORELEASING = YES;
				CLANG_WARN_BOOL_CONVERSION = YES;
				CLANG_WARN_COMMA = YES;
				CLANG_WARN_CONSTANT_CONVERSION = YES;
				CLANG_WARN_DEPRECATED_OBJC_IMPLEMENTATIONS = YES;
				CLANG_WARN_DIRECT_OBJC_ISA_USAGE = YES_ERROR;
				CLANG_WARN_DOCUMENTATION_COMMENTS = YES;
				CLANG_WARN_EMPTY_BODY = YES;
				CLANG_WARN_ENUM_CONVERSION = YES;
				CLANG_WARN_INFINITE_RECURSION = YES;
				CLANG_WARN_INT_CONVERSION = YES;
				CLANG_WARN_NON_LITERAL_NULL_CONVERSION = YES;
				CLANG_WARN_OBJC_IMPLICIT_RETAIN_SELF = YES;
				CLANG_WARN_OBJC_LITERAL_CONVERSION = YES;
				CLANG_WARN_OBJC_ROOT_CLASS = YES_ERROR;
				CLANG_WARN_QUOTED_INCLUDE_IN_FRAMEWORK_HEADER = YES;
				CLANG_WARN_RANGE_LOOP_ANALYSIS = YES;
				CLANG_WARN_STRICT_PROTOTYPES = YES;
				CLANG_WARN_SUSPICIOUS_MOVE = YES;
				CLANG_WARN_UNGUARDED_AVAILABILITY = YES_AGGRESSIVE;
				CLANG_WARN_UNREACHABLE_CODE = YES;
				CLANG_WARN__DUPLICATE_METHOD_MATCH = YES;
				COPY_PHASE_STRIP = NO;
				DEBUG_INFORMATION_FORMAT = "dwarf-with-dsym";
				ENABLE_NS_ASSERTIONS = NO;
				ENABLE_STRICT_OBJC_MSGSEND = YES;
				GCC_C_LANGUAGE_STANDARD = gnu11;
				GCC_NO_COMMON_BLOCKS = YES;
				GCC_WARN_64_TO_32_BIT_CONVERSION = YES;
				GCC_WARN_ABOUT_RETURN_TYPE = YES_ERROR;
				GCC_WARN_UNDECLARED_SELECTOR = YES;
				GCC_WARN_UNINITIALIZED_AUTOS = YES_AGGRESSIVE;
				GCC_WARN_UNUSED_FUNCTION = YES;
				GCC_WARN_UNUSED_VARIABLE = YES;
				IPHONEOS_DEPLOYMENT_TARGET = 14.2;
				MTL_ENABLE_DEBUG_INFO = NO;
				MTL_FAST_MATH = YES;
				SDKROOT = iphoneos;
				SWIFT_COMPILATION_MODE = wholemodule;
				SWIFT_OPTIMIZATION_LEVEL = "-O";
				VALIDATE_PRODUCT = YES;
			};
			name = Release;
		};
		A5B9090B2571FBC100FB0D73 /* Debug */ = {
			isa = XCBuildConfiguration;
			buildSettings = {
				ASSETCATALOG_COMPILER_APPICON_NAME = AppIcon;
				ASSETCATALOG_COMPILER_GLOBAL_ACCENT_COLOR_NAME = AccentColor;
				CODE_SIGN_STYLE = Automatic;
				DEVELOPMENT_ASSET_PATHS = "\"SideDish/Preview Content\"";
				DEVELOPMENT_TEAM = 735P3R8MUU;
				ENABLE_PREVIEWS = YES;
				INFOPLIST_FILE = SideDish/Info.plist;
				IPHONEOS_DEPLOYMENT_TARGET = 14.0;
				LD_RUNPATH_SEARCH_PATHS = (
					"$(inherited)",
					"@executable_path/Frameworks",
				);
				PRODUCT_BUNDLE_IDENTIFIER = com.HanseopShin.SideDish;
				PRODUCT_NAME = "$(TARGET_NAME)";
				SWIFT_VERSION = 5.0;
				TARGETED_DEVICE_FAMILY = "1,2";
			};
			name = Debug;
		};
		A5B9090C2571FBC100FB0D73 /* Release */ = {
			isa = XCBuildConfiguration;
			buildSettings = {
				ASSETCATALOG_COMPILER_APPICON_NAME = AppIcon;
				ASSETCATALOG_COMPILER_GLOBAL_ACCENT_COLOR_NAME = AccentColor;
				CODE_SIGN_STYLE = Automatic;
				DEVELOPMENT_ASSET_PATHS = "\"SideDish/Preview Content\"";
				DEVELOPMENT_TEAM = 735P3R8MUU;
				ENABLE_PREVIEWS = YES;
				INFOPLIST_FILE = SideDish/Info.plist;
				IPHONEOS_DEPLOYMENT_TARGET = 14.0;
				LD_RUNPATH_SEARCH_PATHS = (
					"$(inherited)",
					"@executable_path/Frameworks",
				);
				PRODUCT_BUNDLE_IDENTIFIER = com.HanseopShin.SideDish;
				PRODUCT_NAME = "$(TARGET_NAME)";
				SWIFT_VERSION = 5.0;
				TARGETED_DEVICE_FAMILY = "1,2";
			};
			name = Release;
		};
/* End XCBuildConfiguration section */

/* Begin XCConfigurationList section */
		A5ADD723257399B80052E355 /* Build configuration list for PBXNativeTarget "SideDishTests" */ = {
			isa = XCConfigurationList;
			buildConfigurations = (
				A5ADD724257399B80052E355 /* Debug */,
				A5ADD725257399B80052E355 /* Release */,
			);
			defaultConfigurationIsVisible = 0;
			defaultConfigurationName = Release;
		};
		A5B908F62571FBBF00FB0D73 /* Build configuration list for PBXProject "SideDish" */ = {
			isa = XCConfigurationList;
			buildConfigurations = (
				A5B909082571FBC100FB0D73 /* Debug */,
				A5B909092571FBC100FB0D73 /* Release */,
			);
			defaultConfigurationIsVisible = 0;
			defaultConfigurationName = Release;
		};
		A5B9090A2571FBC100FB0D73 /* Build configuration list for PBXNativeTarget "SideDish" */ = {
			isa = XCConfigurationList;
			buildConfigurations = (
				A5B9090B2571FBC100FB0D73 /* Debug */,
				A5B9090C2571FBC100FB0D73 /* Release */,
			);
			defaultConfigurationIsVisible = 0;
			defaultConfigurationName = Release;
		};
/* End XCConfigurationList section */
	};
	rootObject = A5B908F32571FBBF00FB0D73 /* Project object */;
}
