// !$*UTF8*$!
{
	archiveVersion = 1;
	classes = {
	};
	objectVersion = 50;
	objects = {

/* Begin PBXBuildFile section */
		A5B908FF2571FBBF00FB0D73 /* SideDishApp.swift in Sources */ = {isa = PBXBuildFile; fileRef = A5B908FE2571FBBF00FB0D73 /* SideDishApp.swift */; };
		A5B909012571FBBF00FB0D73 /* SideDishView.swift in Sources */ = {isa = PBXBuildFile; fileRef = A5B909002571FBBF00FB0D73 /* SideDishView.swift */; };
		A5B909032571FBC100FB0D73 /* Assets.xcassets in Resources */ = {isa = PBXBuildFile; fileRef = A5B909022571FBC100FB0D73 /* Assets.xcassets */; };
		A5B909062571FBC100FB0D73 /* Preview Assets.xcassets in Resources */ = {isa = PBXBuildFile; fileRef = A5B909052571FBC100FB0D73 /* Preview Assets.xcassets */; };
		A5B909152572030300FB0D73 /* Dish.swift in Sources */ = {isa = PBXBuildFile; fileRef = A5B909142572030300FB0D73 /* Dish.swift */; };
		A5B9091925720A9B00FB0D73 /* Color.swift in Sources */ = {isa = PBXBuildFile; fileRef = A5B9091825720A9B00FB0D73 /* Color.swift */; };
		A5B9091D25720C6200FB0D73 /* EventView.swift in Sources */ = {isa = PBXBuildFile; fileRef = A5B9091C25720C6200FB0D73 /* EventView.swift */; };
/* End PBXBuildFile section */

/* Begin PBXFileReference section */
		A5B908FB2571FBBF00FB0D73 /* SideDish.app */ = {isa = PBXFileReference; explicitFileType = wrapper.application; includeInIndex = 0; path = SideDish.app; sourceTree = BUILT_PRODUCTS_DIR; };
		A5B908FE2571FBBF00FB0D73 /* SideDishApp.swift */ = {isa = PBXFileReference; lastKnownFileType = sourcecode.swift; path = SideDishApp.swift; sourceTree = "<group>"; };
		A5B909002571FBBF00FB0D73 /* SideDishView.swift */ = {isa = PBXFileReference; lastKnownFileType = sourcecode.swift; path = SideDishView.swift; sourceTree = "<group>"; };
		A5B909022571FBC100FB0D73 /* Assets.xcassets */ = {isa = PBXFileReference; lastKnownFileType = folder.assetcatalog; path = Assets.xcassets; sourceTree = "<group>"; };
		A5B909052571FBC100FB0D73 /* Preview Assets.xcassets */ = {isa = PBXFileReference; lastKnownFileType = folder.assetcatalog; path = "Preview Assets.xcassets"; sourceTree = "<group>"; };
		A5B909072571FBC100FB0D73 /* Info.plist */ = {isa = PBXFileReference; lastKnownFileType = text.plist.xml; path = Info.plist; sourceTree = "<group>"; };
		A5B909142572030300FB0D73 /* Dish.swift */ = {isa = PBXFileReference; lastKnownFileType = sourcecode.swift; path = Dish.swift; sourceTree = "<group>"; };
		A5B9091825720A9B00FB0D73 /* Color.swift */ = {isa = PBXFileReference; lastKnownFileType = sourcecode.swift; path = Color.swift; sourceTree = "<group>"; };
		A5B9091C25720C6200FB0D73 /* EventView.swift */ = {isa = PBXFileReference; lastKnownFileType = sourcecode.swift; path = EventView.swift; sourceTree = "<group>"; };
/* End PBXFileReference section */

/* Begin PBXFrameworksBuildPhase section */
		A5B908F82571FBBF00FB0D73 /* Frameworks */ = {
			isa = PBXFrameworksBuildPhase;
			buildActionMask = 2147483647;
			files = (
			);
			runOnlyForDeploymentPostprocessing = 0;
		};
/* End PBXFrameworksBuildPhase section */

/* Begin PBXGroup section */
		A5877A6D2572126200F9E6B1 /* Model */ = {
			isa = PBXGroup;
			children = (
				A5B909142572030300FB0D73 /* Dish.swift */,
			);
			path = Model;
			sourceTree = "<group>";
		};
		A5B908F22571FBBF00FB0D73 = {
			isa = PBXGroup;
			children = (
				A5B908FD2571FBBF00FB0D73 /* SideDish */,
				A5B908FC2571FBBF00FB0D73 /* Products */,
			);
			sourceTree = "<group>";
		};
		A5B908FC2571FBBF00FB0D73 /* Products */ = {
			isa = PBXGroup;
			children = (
				A5B908FB2571FBBF00FB0D73 /* SideDish.app */,
			);
			name = Products;
			sourceTree = "<group>";
		};
		A5B908FD2571FBBF00FB0D73 /* SideDish */ = {
			isa = PBXGroup;
			children = (
				A5877A6D2572126200F9E6B1 /* Model */,
				A5B9091725720A9200FB0D73 /* Extension */,
				A5B908FE2571FBBF00FB0D73 /* SideDishApp.swift */,
				A5B909002571FBBF00FB0D73 /* SideDishView.swift */,
				A5B909022571FBC100FB0D73 /* Assets.xcassets */,
				A5B909072571FBC100FB0D73 /* Info.plist */,
				A5B909042571FBC100FB0D73 /* Preview Content */,
				A5B9091C25720C6200FB0D73 /* EventView.swift */,
			);
			path = SideDish;
			sourceTree = "<group>";
		};
		A5B909042571FBC100FB0D73 /* Preview Content */ = {
			isa = PBXGroup;
			children = (
				A5B909052571FBC100FB0D73 /* Preview Assets.xcassets */,
			);
			path = "Preview Content";
			sourceTree = "<group>";
		};
		A5B9091725720A9200FB0D73 /* Extension */ = {
			isa = PBXGroup;
			children = (
				A5B9091825720A9B00FB0D73 /* Color.swift */,
			);
			path = Extension;
			sourceTree = "<group>";
		};
/* End PBXGroup section */

/* Begin PBXNativeTarget section */
		A5B908FA2571FBBF00FB0D73 /* SideDish */ = {
			isa = PBXNativeTarget;
			buildConfigurationList = A5B9090A2571FBC100FB0D73 /* Build configuration list for PBXNativeTarget "SideDish" */;
			buildPhases = (
				A5B908F72571FBBF00FB0D73 /* Sources */,
				A5B908F82571FBBF00FB0D73 /* Frameworks */,
				A5B908F92571FBBF00FB0D73 /* Resources */,
			);
			buildRules = (
			);
			dependencies = (
			);
			name = SideDish;
			productName = SideDish;
			productReference = A5B908FB2571FBBF00FB0D73 /* SideDish.app */;
			productType = "com.apple.product-type.application";
		};
/* End PBXNativeTarget section */

/* Begin PBXProject section */
		A5B908F32571FBBF00FB0D73 /* Project object */ = {
			isa = PBXProject;
			attributes = {
				LastSwiftUpdateCheck = 1220;
				LastUpgradeCheck = 1220;
				TargetAttributes = {
					A5B908FA2571FBBF00FB0D73 = {
						CreatedOnToolsVersion = 12.2;
					};
				};
			};
			buildConfigurationList = A5B908F62571FBBF00FB0D73 /* Build configuration list for PBXProject "SideDish" */;
			compatibilityVersion = "Xcode 9.3";
			developmentRegion = en;
			hasScannedForEncodings = 0;
			knownRegions = (
				en,
				Base,
			);
			mainGroup = A5B908F22571FBBF00FB0D73;
			productRefGroup = A5B908FC2571FBBF00FB0D73 /* Products */;
			projectDirPath = "";
			projectRoot = "";
			targets = (
				A5B908FA2571FBBF00FB0D73 /* SideDish */,
			);
		};
/* End PBXProject section */

/* Begin PBXResourcesBuildPhase section */
		A5B908F92571FBBF00FB0D73 /* Resources */ = {
			isa = PBXResourcesBuildPhase;
			buildActionMask = 2147483647;
			files = (
				A5B909062571FBC100FB0D73 /* Preview Assets.xcassets in Resources */,
				A5B909032571FBC100FB0D73 /* Assets.xcassets in Resources */,
			);
			runOnlyForDeploymentPostprocessing = 0;
		};
/* End PBXResourcesBuildPhase section */

/* Begin PBXSourcesBuildPhase section */
		A5B908F72571FBBF00FB0D73 /* Sources */ = {
			isa = PBXSourcesBuildPhase;
			buildActionMask = 2147483647;
			files = (
				A5B909152572030300FB0D73 /* Dish.swift in Sources */,
				A5B909012571FBBF00FB0D73 /* SideDishView.swift in Sources */,
				A5B9091925720A9B00FB0D73 /* Color.swift in Sources */,
				A5B908FF2571FBBF00FB0D73 /* SideDishApp.swift in Sources */,
				A5B9091D25720C6200FB0D73 /* EventView.swift in Sources */,
			);
			runOnlyForDeploymentPostprocessing = 0;
		};
/* End PBXSourcesBuildPhase section */

/* Begin XCBuildConfiguration section */
		A5B909082571FBC100FB0D73 /* Debug */ = {
			isa = XCBuildConfiguration;
			buildSettings = {
				ALWAYS_SEARCH_USER_PATHS = NO;
				CLANG_ANALYZER_NONNULL = YES;
				CLANG_ANALYZER_NUMBER_OBJECT_CONVERSION = YES_AGGRESSIVE;
				CLANG_CXX_LANGUAGE_STANDARD = "gnu++14";
				CLANG_CXX_LIBRARY = "libc++";
				CLANG_ENABLE_MODULES = YES;
				CLANG_ENABLE_OBJC_ARC = YES;
				CLANG_ENABLE_OBJC_WEAK = YES;
				CLANG_WARN_BLOCK_CAPTURE_AUTORELEASING = YES;
				CLANG_WARN_BOOL_CONVERSION = YES;
				CLANG_WARN_COMMA = YES;
				CLANG_WARN_CONSTANT_CONVERSION = YES;
				CLANG_WARN_DEPRECATED_OBJC_IMPLEMENTATIONS = YES;
				CLANG_WARN_DIRECT_OBJC_ISA_USAGE = YES_ERROR;
				CLANG_WARN_DOCUMENTATION_COMMENTS = YES;
				CLANG_WARN_EMPTY_BODY = YES;
				CLANG_WARN_ENUM_CONVERSION = YES;
				CLANG_WARN_INFINITE_RECURSION = YES;
				CLANG_WARN_INT_CONVERSION = YES;
				CLANG_WARN_NON_LITERAL_NULL_CONVERSION = YES;
				CLANG_WARN_OBJC_IMPLICIT_RETAIN_SELF = YES;
				CLANG_WARN_OBJC_LITERAL_CONVERSION = YES;
				CLANG_WARN_OBJC_ROOT_CLASS = YES_ERROR;
				CLANG_WARN_QUOTED_INCLUDE_IN_FRAMEWORK_HEADER = YES;
				CLANG_WARN_RANGE_LOOP_ANALYSIS = YES;
				CLANG_WARN_STRICT_PROTOTYPES = YES;
				CLANG_WARN_SUSPICIOUS_MOVE = YES;
				CLANG_WARN_UNGUARDED_AVAILABILITY = YES_AGGRESSIVE;
				CLANG_WARN_UNREACHABLE_CODE = YES;
				CLANG_WARN__DUPLICATE_METHOD_MATCH = YES;
				COPY_PHASE_STRIP = NO;
				DEBUG_INFORMATION_FORMAT = dwarf;
				ENABLE_STRICT_OBJC_MSGSEND = YES;
				ENABLE_TESTABILITY = YES;
				GCC_C_LANGUAGE_STANDARD = gnu11;
				GCC_DYNAMIC_NO_PIC = NO;
				GCC_NO_COMMON_BLOCKS = YES;
				GCC_OPTIMIZATION_LEVEL = 0;
				GCC_PREPROCESSOR_DEFINITIONS = (
					"DEBUG=1",
					"$(inherited)",
				);
				GCC_WARN_64_TO_32_BIT_CONVERSION = YES;
				GCC_WARN_ABOUT_RETURN_TYPE = YES_ERROR;
				GCC_WARN_UNDECLARED_SELECTOR = YES;
				GCC_WARN_UNINITIALIZED_AUTOS = YES_AGGRESSIVE;
				GCC_WARN_UNUSED_FUNCTION = YES;
				GCC_WARN_UNUSED_VARIABLE = YES;
				IPHONEOS_DEPLOYMENT_TARGET = 14.2;
				MTL_ENABLE_DEBUG_INFO = INCLUDE_SOURCE;
				MTL_FAST_MATH = YES;
				ONLY_ACTIVE_ARCH = YES;
				SDKROOT = iphoneos;
				SWIFT_ACTIVE_COMPILATION_CONDITIONS = DEBUG;
				SWIFT_OPTIMIZATION_LEVEL = "-Onone";
			};
			name = Debug;
		};
		A5B909092571FBC100FB0D73 /* Release */ = {
			isa = XCBuildConfiguration;
			buildSettings = {
				ALWAYS_SEARCH_USER_PATHS = NO;
				CLANG_ANALYZER_NONNULL = YES;
				CLANG_ANALYZER_NUMBER_OBJECT_CONVERSION = YES_AGGRESSIVE;
				CLANG_CXX_LANGUAGE_STANDARD = "gnu++14";
				CLANG_CXX_LIBRARY = "libc++";
				CLANG_ENABLE_MODULES = YES;
				CLANG_ENABLE_OBJC_ARC = YES;
				CLANG_ENABLE_OBJC_WEAK = YES;
				CLANG_WARN_BLOCK_CAPTURE_AUTORELEASING = YES;
				CLANG_WARN_BOOL_CONVERSION = YES;
				CLANG_WARN_COMMA = YES;
				CLANG_WARN_CONSTANT_CONVERSION = YES;
				CLANG_WARN_DEPRECATED_OBJC_IMPLEMENTATIONS = YES;
				CLANG_WARN_DIRECT_OBJC_ISA_USAGE = YES_ERROR;
				CLANG_WARN_DOCUMENTATION_COMMENTS = YES;
				CLANG_WARN_EMPTY_BODY = YES;
				CLANG_WARN_ENUM_CONVERSION = YES;
				CLANG_WARN_INFINITE_RECURSION = YES;
				CLANG_WARN_INT_CONVERSION = YES;
				CLANG_WARN_NON_LITERAL_NULL_CONVERSION = YES;
				CLANG_WARN_OBJC_IMPLICIT_RETAIN_SELF = YES;
				CLANG_WARN_OBJC_LITERAL_CONVERSION = YES;
				CLANG_WARN_OBJC_ROOT_CLASS = YES_ERROR;
				CLANG_WARN_QUOTED_INCLUDE_IN_FRAMEWORK_HEADER = YES;
				CLANG_WARN_RANGE_LOOP_ANALYSIS = YES;
				CLANG_WARN_STRICT_PROTOTYPES = YES;
				CLANG_WARN_SUSPICIOUS_MOVE = YES;
				CLANG_WARN_UNGUARDED_AVAILABILITY = YES_AGGRESSIVE;
				CLANG_WARN_UNREACHABLE_CODE = YES;
				CLANG_WARN__DUPLICATE_METHOD_MATCH = YES;
				COPY_PHASE_STRIP = NO;
				DEBUG_INFORMATION_FORMAT = "dwarf-with-dsym";
				ENABLE_NS_ASSERTIONS = NO;
				ENABLE_STRICT_OBJC_MSGSEND = YES;
				GCC_C_LANGUAGE_STANDARD = gnu11;
				GCC_NO_COMMON_BLOCKS = YES;
				GCC_WARN_64_TO_32_BIT_CONVERSION = YES;
				GCC_WARN_ABOUT_RETURN_TYPE = YES_ERROR;
				GCC_WARN_UNDECLARED_SELECTOR = YES;
				GCC_WARN_UNINITIALIZED_AUTOS = YES_AGGRESSIVE;
				GCC_WARN_UNUSED_FUNCTION = YES;
				GCC_WARN_UNUSED_VARIABLE = YES;
				IPHONEOS_DEPLOYMENT_TARGET = 14.2;
				MTL_ENABLE_DEBUG_INFO = NO;
				MTL_FAST_MATH = YES;
				SDKROOT = iphoneos;
				SWIFT_COMPILATION_MODE = wholemodule;
				SWIFT_OPTIMIZATION_LEVEL = "-O";
				VALIDATE_PRODUCT = YES;
			};
			name = Release;
		};
		A5B9090B2571FBC100FB0D73 /* Debug */ = {
			isa = XCBuildConfiguration;
			buildSettings = {
				ASSETCATALOG_COMPILER_APPICON_NAME = AppIcon;
				ASSETCATALOG_COMPILER_GLOBAL_ACCENT_COLOR_NAME = AccentColor;
				CODE_SIGN_STYLE = Automatic;
				DEVELOPMENT_ASSET_PATHS = "\"SideDish/Preview Content\"";
				DEVELOPMENT_TEAM = 735P3R8MUU;
				ENABLE_PREVIEWS = YES;
				INFOPLIST_FILE = SideDish/Info.plist;
				IPHONEOS_DEPLOYMENT_TARGET = 14.0;
				LD_RUNPATH_SEARCH_PATHS = (
					"$(inherited)",
					"@executable_path/Frameworks",
				);
				PRODUCT_BUNDLE_IDENTIFIER = com.HanseopShin.SideDish;
				PRODUCT_NAME = "$(TARGET_NAME)";
				SWIFT_VERSION = 5.0;
				TARGETED_DEVICE_FAMILY = "1,2";
			};
			name = Debug;
		};
		A5B9090C2571FBC100FB0D73 /* Release */ = {
			isa = XCBuildConfiguration;
			buildSettings = {
				ASSETCATALOG_COMPILER_APPICON_NAME = AppIcon;
				ASSETCATALOG_COMPILER_GLOBAL_ACCENT_COLOR_NAME = AccentColor;
				CODE_SIGN_STYLE = Automatic;
				DEVELOPMENT_ASSET_PATHS = "\"SideDish/Preview Content\"";
				DEVELOPMENT_TEAM = 735P3R8MUU;
				ENABLE_PREVIEWS = YES;
				INFOPLIST_FILE = SideDish/Info.plist;
				IPHONEOS_DEPLOYMENT_TARGET = 14.0;
				LD_RUNPATH_SEARCH_PATHS = (
					"$(inherited)",
					"@executable_path/Frameworks",
				);
				PRODUCT_BUNDLE_IDENTIFIER = com.HanseopShin.SideDish;
				PRODUCT_NAME = "$(TARGET_NAME)";
				SWIFT_VERSION = 5.0;
				TARGETED_DEVICE_FAMILY = "1,2";
			};
			name = Release;
		};
/* End XCBuildConfiguration section */

/* Begin XCConfigurationList section */
		A5B908F62571FBBF00FB0D73 /* Build configuration list for PBXProject "SideDish" */ = {
			isa = XCConfigurationList;
			buildConfigurations = (
				A5B909082571FBC100FB0D73 /* Debug */,
				A5B909092571FBC100FB0D73 /* Release */,
			);
			defaultConfigurationIsVisible = 0;
			defaultConfigurationName = Release;
		};
		A5B9090A2571FBC100FB0D73 /* Build configuration list for PBXNativeTarget "SideDish" */ = {
			isa = XCConfigurationList;
			buildConfigurations = (
				A5B9090B2571FBC100FB0D73 /* Debug */,
				A5B9090C2571FBC100FB0D73 /* Release */,
			);
			defaultConfigurationIsVisible = 0;
			defaultConfigurationName = Release;
		};
/* End XCConfigurationList section */
	};
	rootObject = A5B908F32571FBBF00FB0D73 /* Project object */;
}
